
Microsoft Visual Studio Solution File, Format Version 12.00
# Visual Studio Version 16
VisualStudioVersion = 16.0.31515.178
MinimumVisualStudioVersion = 10.0.40219.1
Project("{9A19103F-16F7-4668-BE54-9A1E7A4F7556}") = "OnlineBookStore", "OnlineBookStore\OnlineBookStore.csproj", "{1103A0EE-C9B7-4A95-89E9-8AE5310F7F30}"
EndProject
Project("{FAE04EC0-301F-11D3-BF4B-00C04F79EFBC}") = "OnlineBookStoreTest", "OnlineBookStoreTest\OnlineBookStoreTest.csproj", "{1570F930-77A4-425C-AB74-381EB2375B9A}"
EndProject
Global
	GlobalSection(SolutionConfigurationPlatforms) = preSolution
		Debug|Any CPU = Debug|Any CPU
		Release|Any CPU = Release|Any CPU
	EndGlobalSection
	GlobalSection(ProjectConfigurationPlatforms) = postSolution
		{1103A0EE-C9B7-4A95-89E9-8AE5310F7F30}.Debug|Any CPU.ActiveCfg = Debug|Any CPU
		{1103A0EE-C9B7-4A95-89E9-8AE5310F7F30}.Debug|Any CPU.Build.0 = Debug|Any CPU
		{1103A0EE-C9B7-4A95-89E9-8AE5310F7F30}.Release|Any CPU.ActiveCfg = Release|Any CPU
		{1103A0EE-C9B7-4A95-89E9-8AE5310F7F30}.Release|Any CPU.Build.0 = Release|Any CPU
		{1570F930-77A4-425C-AB74-381EB2375B9A}.Debug|Any CPU.ActiveCfg = Debug|Any CPU
		{1570F930-77A4-425C-AB74-381EB2375B9A}.Debug|Any CPU.Build.0 = Debug|Any CPU
		{1570F930-77A4-425C-AB74-381EB2375B9A}.Release|Any CPU.ActiveCfg = Release|Any CPU
		{1570F930-77A4-425C-AB74-381EB2375B9A}.Release|Any CPU.Build.0 = Release|Any CPU
	EndGlobalSection
	GlobalSection(SolutionProperties) = preSolution
		HideSolutionNode = FALSE
	EndGlobalSection
	GlobalSection(ExtensibilityGlobals) = postSolution
		SolutionGuid = {52C71DAD-90DB-430E-8F06-2B1A859012DE}
	EndGlobalSection
EndGlobal
